// !$*UTF8*$!
{
	archiveVersion = 1;
	classes = {
	};
	objectVersion = 56;
	objects = {

/* Begin PBXBuildFile section */
		0E498D966D287B2B1EF95851 /* Pods_Authenticator_AuthenticatorUITests.framework in Frameworks */ = {isa = PBXBuildFile; fileRef = 69EBE674D806960F86BB87BC /* Pods_Authenticator_AuthenticatorUITests.framework */; };
		396702FCA8FBEED9C3565A32 /* Pods_AuthenticatorTests.framework in Frameworks */ = {isa = PBXBuildFile; fileRef = 1929AA7C9A5F73B636702E1F /* Pods_AuthenticatorTests.framework */; };
		8D0820242B1E3C0200813D79 /* AuthenticatorApp.swift in Sources */ = {isa = PBXBuildFile; fileRef = 8D0820232B1E3C0200813D79 /* AuthenticatorApp.swift */; };
		8D0820262B1E3C0200813D79 /* ContentView.swift in Sources */ = {isa = PBXBuildFile; fileRef = 8D0820252B1E3C0200813D79 /* ContentView.swift */; };
		8D0820282B1E3C0300813D79 /* Assets.xcassets in Resources */ = {isa = PBXBuildFile; fileRef = 8D0820272B1E3C0300813D79 /* Assets.xcassets */; };
		8D08202B2B1E3C0300813D79 /* Preview Assets.xcassets in Resources */ = {isa = PBXBuildFile; fileRef = 8D08202A2B1E3C0300813D79 /* Preview Assets.xcassets */; };
		8D0820352B1E3C0300813D79 /* AuthenticatorTests.swift in Sources */ = {isa = PBXBuildFile; fileRef = 8D0820342B1E3C0300813D79 /* AuthenticatorTests.swift */; };
		8D08203F2B1E3C0300813D79 /* AuthenticatorUITests.swift in Sources */ = {isa = PBXBuildFile; fileRef = 8D08203E2B1E3C0300813D79 /* AuthenticatorUITests.swift */; };
		8D0820412B1E3C0300813D79 /* AuthenticatorUITestsLaunchTests.swift in Sources */ = {isa = PBXBuildFile; fileRef = 8D0820402B1E3C0300813D79 /* AuthenticatorUITestsLaunchTests.swift */; };
		E1291D2A39AA167706444F7B /* Pods_Authenticator.framework in Frameworks */ = {isa = PBXBuildFile; fileRef = DD76FE63F594AF550A26E106 /* Pods_Authenticator.framework */; };
/* End PBXBuildFile section */

/* Begin PBXContainerItemProxy section */
		8D0820312B1E3C0300813D79 /* PBXContainerItemProxy */ = {
			isa = PBXContainerItemProxy;
			containerPortal = 8D0820182B1E3C0200813D79 /* Project object */;
			proxyType = 1;
			remoteGlobalIDString = 8D08201F2B1E3C0200813D79;
			remoteInfo = Authenticator;
		};
		8D08203B2B1E3C0300813D79 /* PBXContainerItemProxy */ = {
			isa = PBXContainerItemProxy;
			containerPortal = 8D0820182B1E3C0200813D79 /* Project object */;
			proxyType = 1;
			remoteGlobalIDString = 8D08201F2B1E3C0200813D79;
			remoteInfo = Authenticator;
		};
/* End PBXContainerItemProxy section */

/* Begin PBXFileReference section */
		16012E36BE040A1B0E574A11 /* Pods-Authenticator.debug.xcconfig */ = {isa = PBXFileReference; includeInIndex = 1; lastKnownFileType = text.xcconfig; name = "Pods-Authenticator.debug.xcconfig"; path = "Target Support Files/Pods-Authenticator/Pods-Authenticator.debug.xcconfig"; sourceTree = "<group>"; };
		1929AA7C9A5F73B636702E1F /* Pods_AuthenticatorTests.framework */ = {isa = PBXFileReference; explicitFileType = wrapper.framework; includeInIndex = 0; path = Pods_AuthenticatorTests.framework; sourceTree = BUILT_PRODUCTS_DIR; };
		1E413BCC23E8D1D6FC2C6300 /* Pods-Authenticator-AuthenticatorUITests.release.xcconfig */ = {isa = PBXFileReference; includeInIndex = 1; lastKnownFileType = text.xcconfig; name = "Pods-Authenticator-AuthenticatorUITests.release.xcconfig"; path = "Target Support Files/Pods-Authenticator-AuthenticatorUITests/Pods-Authenticator-AuthenticatorUITests.release.xcconfig"; sourceTree = "<group>"; };
		69EBE674D806960F86BB87BC /* Pods_Authenticator_AuthenticatorUITests.framework */ = {isa = PBXFileReference; explicitFileType = wrapper.framework; includeInIndex = 0; path = Pods_Authenticator_AuthenticatorUITests.framework; sourceTree = BUILT_PRODUCTS_DIR; };
		7B572A0264117CB9F96BB248 /* Pods-Authenticator.release.xcconfig */ = {isa = PBXFileReference; includeInIndex = 1; lastKnownFileType = text.xcconfig; name = "Pods-Authenticator.release.xcconfig"; path = "Target Support Files/Pods-Authenticator/Pods-Authenticator.release.xcconfig"; sourceTree = "<group>"; };
		8549F30CA4164034C38911AA /* Pods-Authenticator-AuthenticatorUITests.debug.xcconfig */ = {isa = PBXFileReference; includeInIndex = 1; lastKnownFileType = text.xcconfig; name = "Pods-Authenticator-AuthenticatorUITests.debug.xcconfig"; path = "Target Support Files/Pods-Authenticator-AuthenticatorUITests/Pods-Authenticator-AuthenticatorUITests.debug.xcconfig"; sourceTree = "<group>"; };
		8D0820202B1E3C0200813D79 /* Authenticator.app */ = {isa = PBXFileReference; explicitFileType = wrapper.application; includeInIndex = 0; path = Authenticator.app; sourceTree = BUILT_PRODUCTS_DIR; };
		8D0820232B1E3C0200813D79 /* AuthenticatorApp.swift */ = {isa = PBXFileReference; lastKnownFileType = sourcecode.swift; path = AuthenticatorApp.swift; sourceTree = "<group>"; };
		8D0820252B1E3C0200813D79 /* ContentView.swift */ = {isa = PBXFileReference; lastKnownFileType = sourcecode.swift; path = ContentView.swift; sourceTree = "<group>"; };
		8D0820272B1E3C0300813D79 /* Assets.xcassets */ = {isa = PBXFileReference; lastKnownFileType = folder.assetcatalog; path = Assets.xcassets; sourceTree = "<group>"; };
		8D08202A2B1E3C0300813D79 /* Preview Assets.xcassets */ = {isa = PBXFileReference; lastKnownFileType = folder.assetcatalog; path = "Preview Assets.xcassets"; sourceTree = "<group>"; };
		8D0820302B1E3C0300813D79 /* AuthenticatorTests.xctest */ = {isa = PBXFileReference; explicitFileType = wrapper.cfbundle; includeInIndex = 0; path = AuthenticatorTests.xctest; sourceTree = BUILT_PRODUCTS_DIR; };
		8D0820342B1E3C0300813D79 /* AuthenticatorTests.swift */ = {isa = PBXFileReference; lastKnownFileType = sourcecode.swift; path = AuthenticatorTests.swift; sourceTree = "<group>"; };
		8D08203A2B1E3C0300813D79 /* AuthenticatorUITests.xctest */ = {isa = PBXFileReference; explicitFileType = wrapper.cfbundle; includeInIndex = 0; path = AuthenticatorUITests.xctest; sourceTree = BUILT_PRODUCTS_DIR; };
		8D08203E2B1E3C0300813D79 /* AuthenticatorUITests.swift */ = {isa = PBXFileReference; lastKnownFileType = sourcecode.swift; path = AuthenticatorUITests.swift; sourceTree = "<group>"; };
		8D0820402B1E3C0300813D79 /* AuthenticatorUITestsLaunchTests.swift */ = {isa = PBXFileReference; lastKnownFileType = sourcecode.swift; path = AuthenticatorUITestsLaunchTests.swift; sourceTree = "<group>"; };
		A00169772B3AB4C89B6C3477 /* Pods-AuthenticatorTests.release.xcconfig */ = {isa = PBXFileReference; includeInIndex = 1; lastKnownFileType = text.xcconfig; name = "Pods-AuthenticatorTests.release.xcconfig"; path = "Target Support Files/Pods-AuthenticatorTests/Pods-AuthenticatorTests.release.xcconfig"; sourceTree = "<group>"; };
		B51D1275CD9AAF84AA309AFB /* Pods-AuthenticatorTests.debug.xcconfig */ = {isa = PBXFileReference; includeInIndex = 1; lastKnownFileType = text.xcconfig; name = "Pods-AuthenticatorTests.debug.xcconfig"; path = "Target Support Files/Pods-AuthenticatorTests/Pods-AuthenticatorTests.debug.xcconfig"; sourceTree = "<group>"; };
		DD76FE63F594AF550A26E106 /* Pods_Authenticator.framework */ = {isa = PBXFileReference; explicitFileType = wrapper.framework; includeInIndex = 0; path = Pods_Authenticator.framework; sourceTree = BUILT_PRODUCTS_DIR; };
/* End PBXFileReference section */

/* Begin PBXFrameworksBuildPhase section */
		8D08201D2B1E3C0200813D79 /* Frameworks */ = {
			isa = PBXFrameworksBuildPhase;
			buildActionMask = 2147483647;
			files = (
				E1291D2A39AA167706444F7B /* Pods_Authenticator.framework in Frameworks */,
			);
			runOnlyForDeploymentPostprocessing = 0;
		};
		8D08202D2B1E3C0300813D79 /* Frameworks */ = {
			isa = PBXFrameworksBuildPhase;
			buildActionMask = 2147483647;
			files = (
				396702FCA8FBEED9C3565A32 /* Pods_AuthenticatorTests.framework in Frameworks */,
			);
			runOnlyForDeploymentPostprocessing = 0;
		};
		8D0820372B1E3C0300813D79 /* Frameworks */ = {
			isa = PBXFrameworksBuildPhase;
			buildActionMask = 2147483647;
			files = (
				0E498D966D287B2B1EF95851 /* Pods_Authenticator_AuthenticatorUITests.framework in Frameworks */,
			);
			runOnlyForDeploymentPostprocessing = 0;
		};
/* End PBXFrameworksBuildPhase section */

/* Begin PBXGroup section */
		6E5AF20C574349109195D4E4 /* Frameworks */ = {
			isa = PBXGroup;
			children = (
				DD76FE63F594AF550A26E106 /* Pods_Authenticator.framework */,
				69EBE674D806960F86BB87BC /* Pods_Authenticator_AuthenticatorUITests.framework */,
				1929AA7C9A5F73B636702E1F /* Pods_AuthenticatorTests.framework */,
			);
			name = Frameworks;
			sourceTree = "<group>";
		};
		8D0820172B1E3C0200813D79 = {
			isa = PBXGroup;
			children = (
				8D0820222B1E3C0200813D79 /* Authenticator */,
				8D0820332B1E3C0300813D79 /* AuthenticatorTests */,
				8D08203D2B1E3C0300813D79 /* AuthenticatorUITests */,
				8D0820212B1E3C0200813D79 /* Products */,
				E2D93F7FB8264C4BFDA22DC1 /* Pods */,
				6E5AF20C574349109195D4E4 /* Frameworks */,
			);
			sourceTree = "<group>";
		};
		8D0820212B1E3C0200813D79 /* Products */ = {
			isa = PBXGroup;
			children = (
				8D0820202B1E3C0200813D79 /* Authenticator.app */,
				8D0820302B1E3C0300813D79 /* AuthenticatorTests.xctest */,
				8D08203A2B1E3C0300813D79 /* AuthenticatorUITests.xctest */,
			);
			name = Products;
			sourceTree = "<group>";
		};
		8D0820222B1E3C0200813D79 /* Authenticator */ = {
			isa = PBXGroup;
			children = (
				8D0820232B1E3C0200813D79 /* AuthenticatorApp.swift */,
				8D0820252B1E3C0200813D79 /* ContentView.swift */,
				8D0820272B1E3C0300813D79 /* Assets.xcassets */,
				8D0820292B1E3C0300813D79 /* Preview Content */,
			);
			path = Authenticator;
			sourceTree = "<group>";
		};
		8D0820292B1E3C0300813D79 /* Preview Content */ = {
			isa = PBXGroup;
			children = (
				8D08202A2B1E3C0300813D79 /* Preview Assets.xcassets */,
			);
			path = "Preview Content";
			sourceTree = "<group>";
		};
		8D0820332B1E3C0300813D79 /* AuthenticatorTests */ = {
			isa = PBXGroup;
			children = (
				8D0820342B1E3C0300813D79 /* AuthenticatorTests.swift */,
			);
			path = AuthenticatorTests;
			sourceTree = "<group>";
		};
		8D08203D2B1E3C0300813D79 /* AuthenticatorUITests */ = {
			isa = PBXGroup;
			children = (
				8D08203E2B1E3C0300813D79 /* AuthenticatorUITests.swift */,
				8D0820402B1E3C0300813D79 /* AuthenticatorUITestsLaunchTests.swift */,
			);
			path = AuthenticatorUITests;
			sourceTree = "<group>";
		};
		E2D93F7FB8264C4BFDA22DC1 /* Pods */ = {
			isa = PBXGroup;
			children = (
				16012E36BE040A1B0E574A11 /* Pods-Authenticator.debug.xcconfig */,
				7B572A0264117CB9F96BB248 /* Pods-Authenticator.release.xcconfig */,
				8549F30CA4164034C38911AA /* Pods-Authenticator-AuthenticatorUITests.debug.xcconfig */,
				1E413BCC23E8D1D6FC2C6300 /* Pods-Authenticator-AuthenticatorUITests.release.xcconfig */,
				B51D1275CD9AAF84AA309AFB /* Pods-AuthenticatorTests.debug.xcconfig */,
				A00169772B3AB4C89B6C3477 /* Pods-AuthenticatorTests.release.xcconfig */,
			);
			name = Pods;
			path = Pods;
			sourceTree = "<group>";
		};
/* End PBXGroup section */

/* Begin PBXNativeTarget section */
		8D08201F2B1E3C0200813D79 /* Authenticator */ = {
			isa = PBXNativeTarget;
			buildConfigurationList = 8D0820442B1E3C0300813D79 /* Build configuration list for PBXNativeTarget "Authenticator" */;
			buildPhases = (
				12668F9B5586F39A13051E1D /* [CP] Check Pods Manifest.lock */,
				8D08201C2B1E3C0200813D79 /* Sources */,
				8D08201D2B1E3C0200813D79 /* Frameworks */,
				8D08201E2B1E3C0200813D79 /* Resources */,
			);
			buildRules = (
			);
			dependencies = (
			);
			name = Authenticator;
			productName = Authenticator;
			productReference = 8D0820202B1E3C0200813D79 /* Authenticator.app */;
			productType = "com.apple.product-type.application";
		};
		8D08202F2B1E3C0300813D79 /* AuthenticatorTests */ = {
			isa = PBXNativeTarget;
			buildConfigurationList = 8D0820472B1E3C0300813D79 /* Build configuration list for PBXNativeTarget "AuthenticatorTests" */;
			buildPhases = (
				55B254CB1FA0D51C13A0B92D /* [CP] Check Pods Manifest.lock */,
				8D08202C2B1E3C0300813D79 /* Sources */,
				8D08202D2B1E3C0300813D79 /* Frameworks */,
				8D08202E2B1E3C0300813D79 /* Resources */,
			);
			buildRules = (
			);
			dependencies = (
				8D0820322B1E3C0300813D79 /* PBXTargetDependency */,
			);
			name = AuthenticatorTests;
			productName = AuthenticatorTests;
			productReference = 8D0820302B1E3C0300813D79 /* AuthenticatorTests.xctest */;
			productType = "com.apple.product-type.bundle.unit-test";
		};
		8D0820392B1E3C0300813D79 /* AuthenticatorUITests */ = {
			isa = PBXNativeTarget;
			buildConfigurationList = 8D08204A2B1E3C0300813D79 /* Build configuration list for PBXNativeTarget "AuthenticatorUITests" */;
			buildPhases = (
				46EE0DE0791E9181DD179929 /* [CP] Check Pods Manifest.lock */,
				8D0820362B1E3C0300813D79 /* Sources */,
				8D0820372B1E3C0300813D79 /* Frameworks */,
				8D0820382B1E3C0300813D79 /* Resources */,
			);
			buildRules = (
			);
			dependencies = (
				8D08203C2B1E3C0300813D79 /* PBXTargetDependency */,
			);
			name = AuthenticatorUITests;
			productName = AuthenticatorUITests;
			productReference = 8D08203A2B1E3C0300813D79 /* AuthenticatorUITests.xctest */;
			productType = "com.apple.product-type.bundle.ui-testing";
		};
/* End PBXNativeTarget section */

/* Begin PBXProject section */
		8D0820182B1E3C0200813D79 /* Project object */ = {
			isa = PBXProject;
			attributes = {
				BuildIndependentTargetsInParallel = 1;
				LastSwiftUpdateCheck = 1500;
				LastUpgradeCheck = 1500;
				TargetAttributes = {
					8D08201F2B1E3C0200813D79 = {
						CreatedOnToolsVersion = 15.0;
					};
					8D08202F2B1E3C0300813D79 = {
						CreatedOnToolsVersion = 15.0;
						TestTargetID = 8D08201F2B1E3C0200813D79;
					};
					8D0820392B1E3C0300813D79 = {
						CreatedOnToolsVersion = 15.0;
						TestTargetID = 8D08201F2B1E3C0200813D79;
					};
				};
			};
			buildConfigurationList = 8D08201B2B1E3C0200813D79 /* Build configuration list for PBXProject "Authenticator" */;
			compatibilityVersion = "Xcode 14.0";
			developmentRegion = en;
			hasScannedForEncodings = 0;
			knownRegions = (
				en,
				Base,
			);
			mainGroup = 8D0820172B1E3C0200813D79;
			productRefGroup = 8D0820212B1E3C0200813D79 /* Products */;
			projectDirPath = "";
			projectRoot = "";
			targets = (
				8D08201F2B1E3C0200813D79 /* Authenticator */,
				8D08202F2B1E3C0300813D79 /* AuthenticatorTests */,
				8D0820392B1E3C0300813D79 /* AuthenticatorUITests */,
			);
		};
/* End PBXProject section */

/* Begin PBXResourcesBuildPhase section */
		8D08201E2B1E3C0200813D79 /* Resources */ = {
			isa = PBXResourcesBuildPhase;
			buildActionMask = 2147483647;
			files = (
				8D08202B2B1E3C0300813D79 /* Preview Assets.xcassets in Resources */,
				8D0820282B1E3C0300813D79 /* Assets.xcassets in Resources */,
			);
			runOnlyForDeploymentPostprocessing = 0;
		};
		8D08202E2B1E3C0300813D79 /* Resources */ = {
			isa = PBXResourcesBuildPhase;
			buildActionMask = 2147483647;
			files = (
			);
			runOnlyForDeploymentPostprocessing = 0;
		};
		8D0820382B1E3C0300813D79 /* Resources */ = {
			isa = PBXResourcesBuildPhase;
			buildActionMask = 2147483647;
			files = (
			);
			runOnlyForDeploymentPostprocessing = 0;
		};
/* End PBXResourcesBuildPhase section */

/* Begin PBXShellScriptBuildPhase section */
		12668F9B5586F39A13051E1D /* [CP] Check Pods Manifest.lock */ = {
			isa = PBXShellScriptBuildPhase;
			buildActionMask = 2147483647;
			files = (
			);
			inputFileListPaths = (
			);
			inputPaths = (
				"${PODS_PODFILE_DIR_PATH}/Podfile.lock",
				"${PODS_ROOT}/Manifest.lock",
			);
			name = "[CP] Check Pods Manifest.lock";
			outputFileListPaths = (
			);
			outputPaths = (
				"$(DERIVED_FILE_DIR)/Pods-Authenticator-checkManifestLockResult.txt",
			);
			runOnlyForDeploymentPostprocessing = 0;
			shellPath = /bin/sh;
			shellScript = "diff \"${PODS_PODFILE_DIR_PATH}/Podfile.lock\" \"${PODS_ROOT}/Manifest.lock\" > /dev/null\nif [ $? != 0 ] ; then\n    # print error to STDERR\n    echo \"error: The sandbox is not in sync with the Podfile.lock. Run 'pod install' or update your CocoaPods installation.\" >&2\n    exit 1\nfi\n# This output is used by Xcode 'outputs' to avoid re-running this script phase.\necho \"SUCCESS\" > \"${SCRIPT_OUTPUT_FILE_0}\"\n";
			showEnvVarsInLog = 0;
		};
		46EE0DE0791E9181DD179929 /* [CP] Check Pods Manifest.lock */ = {
			isa = PBXShellScriptBuildPhase;
			buildActionMask = 2147483647;
			files = (
			);
			inputFileListPaths = (
			);
			inputPaths = (
				"${PODS_PODFILE_DIR_PATH}/Podfile.lock",
				"${PODS_ROOT}/Manifest.lock",
			);
			name = "[CP] Check Pods Manifest.lock";
			outputFileListPaths = (
			);
			outputPaths = (
				"$(DERIVED_FILE_DIR)/Pods-Authenticator-AuthenticatorUITests-checkManifestLockResult.txt",
			);
			runOnlyForDeploymentPostprocessing = 0;
			shellPath = /bin/sh;
			shellScript = "diff \"${PODS_PODFILE_DIR_PATH}/Podfile.lock\" \"${PODS_ROOT}/Manifest.lock\" > /dev/null\nif [ $? != 0 ] ; then\n    # print error to STDERR\n    echo \"error: The sandbox is not in sync with the Podfile.lock. Run 'pod install' or update your CocoaPods installation.\" >&2\n    exit 1\nfi\n# This output is used by Xcode 'outputs' to avoid re-running this script phase.\necho \"SUCCESS\" > \"${SCRIPT_OUTPUT_FILE_0}\"\n";
			showEnvVarsInLog = 0;
		};
		55B254CB1FA0D51C13A0B92D /* [CP] Check Pods Manifest.lock */ = {
			isa = PBXShellScriptBuildPhase;
			buildActionMask = 2147483647;
			files = (
			);
			inputFileListPaths = (
			);
			inputPaths = (
				"${PODS_PODFILE_DIR_PATH}/Podfile.lock",
				"${PODS_ROOT}/Manifest.lock",
			);
			name = "[CP] Check Pods Manifest.lock";
			outputFileListPaths = (
			);
			outputPaths = (
				"$(DERIVED_FILE_DIR)/Pods-AuthenticatorTests-checkManifestLockResult.txt",
			);
			runOnlyForDeploymentPostprocessing = 0;
			shellPath = /bin/sh;
			shellScript = "diff \"${PODS_PODFILE_DIR_PATH}/Podfile.lock\" \"${PODS_ROOT}/Manifest.lock\" > /dev/null\nif [ $? != 0 ] ; then\n    # print error to STDERR\n    echo \"error: The sandbox is not in sync with the Podfile.lock. Run 'pod install' or update your CocoaPods installation.\" >&2\n    exit 1\nfi\n# This output is used by Xcode 'outputs' to avoid re-running this script phase.\necho \"SUCCESS\" > \"${SCRIPT_OUTPUT_FILE_0}\"\n";
			showEnvVarsInLog = 0;
		};
/* End PBXShellScriptBuildPhase section */

/* Begin PBXSourcesBuildPhase section */
		8D08201C2B1E3C0200813D79 /* Sources */ = {
			isa = PBXSourcesBuildPhase;
			buildActionMask = 2147483647;
			files = (
				8D0820262B1E3C0200813D79 /* ContentView.swift in Sources */,
				8D0820242B1E3C0200813D79 /* AuthenticatorApp.swift in Sources */,
			);
			runOnlyForDeploymentPostprocessing = 0;
		};
		8D08202C2B1E3C0300813D79 /* Sources */ = {
			isa = PBXSourcesBuildPhase;
			buildActionMask = 2147483647;
			files = (
				8D0820352B1E3C0300813D79 /* AuthenticatorTests.swift in Sources */,
			);
			runOnlyForDeploymentPostprocessing = 0;
		};
		8D0820362B1E3C0300813D79 /* Sources */ = {
			isa = PBXSourcesBuildPhase;
			buildActionMask = 2147483647;
			files = (
				8D0820412B1E3C0300813D79 /* AuthenticatorUITestsLaunchTests.swift in Sources */,
				8D08203F2B1E3C0300813D79 /* AuthenticatorUITests.swift in Sources */,
			);
			runOnlyForDeploymentPostprocessing = 0;
		};
/* End PBXSourcesBuildPhase section */

/* Begin PBXTargetDependency section */
		8D0820322B1E3C0300813D79 /* PBXTargetDependency */ = {
			isa = PBXTargetDependency;
			target = 8D08201F2B1E3C0200813D79 /* Authenticator */;
			targetProxy = 8D0820312B1E3C0300813D79 /* PBXContainerItemProxy */;
		};
		8D08203C2B1E3C0300813D79 /* PBXTargetDependency */ = {
			isa = PBXTargetDependency;
			target = 8D08201F2B1E3C0200813D79 /* Authenticator */;
			targetProxy = 8D08203B2B1E3C0300813D79 /* PBXContainerItemProxy */;
		};
/* End PBXTargetDependency section */

/* Begin XCBuildConfiguration section */
		8D0820422B1E3C0300813D79 /* Debug */ = {
			isa = XCBuildConfiguration;
			buildSettings = {
				ALWAYS_SEARCH_USER_PATHS = NO;
				ASSETCATALOG_COMPILER_GENERATE_SWIFT_ASSET_SYMBOL_EXTENSIONS = YES;
				CLANG_ANALYZER_NONNULL = YES;
				CLANG_ANALYZER_NUMBER_OBJECT_CONVERSION = YES_AGGRESSIVE;
				CLANG_CXX_LANGUAGE_STANDARD = "gnu++20";
				CLANG_ENABLE_MODULES = YES;
				CLANG_ENABLE_OBJC_ARC = YES;
				CLANG_ENABLE_OBJC_WEAK = YES;
				CLANG_WARN_BLOCK_CAPTURE_AUTORELEASING = YES;
				CLANG_WARN_BOOL_CONVERSION = YES;
				CLANG_WARN_COMMA = YES;
				CLANG_WARN_CONSTANT_CONVERSION = YES;
				CLANG_WARN_DEPRECATED_OBJC_IMPLEMENTATIONS = YES;
				CLANG_WARN_DIRECT_OBJC_ISA_USAGE = YES_ERROR;
				CLANG_WARN_DOCUMENTATION_COMMENTS = YES;
				CLANG_WARN_EMPTY_BODY = YES;
				CLANG_WARN_ENUM_CONVERSION = YES;
				CLANG_WARN_INFINITE_RECURSION = YES;
				CLANG_WARN_INT_CONVERSION = YES;
				CLANG_WARN_NON_LITERAL_NULL_CONVERSION = YES;
				CLANG_WARN_OBJC_IMPLICIT_RETAIN_SELF = YES;
				CLANG_WARN_OBJC_LITERAL_CONVERSION = YES;
				CLANG_WARN_OBJC_ROOT_CLASS = YES_ERROR;
				CLANG_WARN_QUOTED_INCLUDE_IN_FRAMEWORK_HEADER = YES;
				CLANG_WARN_RANGE_LOOP_ANALYSIS = YES;
				CLANG_WARN_STRICT_PROTOTYPES = YES;
				CLANG_WARN_SUSPICIOUS_MOVE = YES;
				CLANG_WARN_UNGUARDED_AVAILABILITY = YES_AGGRESSIVE;
				CLANG_WARN_UNREACHABLE_CODE = YES;
				CLANG_WARN__DUPLICATE_METHOD_MATCH = YES;
				COPY_PHASE_STRIP = NO;
				DEBUG_INFORMATION_FORMAT = dwarf;
				ENABLE_STRICT_OBJC_MSGSEND = YES;
				ENABLE_TESTABILITY = YES;
				ENABLE_USER_SCRIPT_SANDBOXING = YES;
				GCC_C_LANGUAGE_STANDARD = gnu17;
				GCC_DYNAMIC_NO_PIC = NO;
				GCC_NO_COMMON_BLOCKS = YES;
				GCC_OPTIMIZATION_LEVEL = 0;
				GCC_PREPROCESSOR_DEFINITIONS = (
					"DEBUG=1",
					"$(inherited)",
				);
				GCC_WARN_64_TO_32_BIT_CONVERSION = YES;
				GCC_WARN_ABOUT_RETURN_TYPE = YES_ERROR;
				GCC_WARN_UNDECLARED_SELECTOR = YES;
				GCC_WARN_UNINITIALIZED_AUTOS = YES_AGGRESSIVE;
				GCC_WARN_UNUSED_FUNCTION = YES;
				GCC_WARN_UNUSED_VARIABLE = YES;
				IPHONEOS_DEPLOYMENT_TARGET = 17.0;
				LOCALIZATION_PREFERS_STRING_CATALOGS = YES;
				MTL_ENABLE_DEBUG_INFO = INCLUDE_SOURCE;
				MTL_FAST_MATH = YES;
				ONLY_ACTIVE_ARCH = YES;
				SDKROOT = iphoneos;
				SWIFT_ACTIVE_COMPILATION_CONDITIONS = "DEBUG $(inherited)";
				SWIFT_OPTIMIZATION_LEVEL = "-Onone";
			};
			name = Debug;
		};
		8D0820432B1E3C0300813D79 /* Release */ = {
			isa = XCBuildConfiguration;
			buildSettings = {
				ALWAYS_SEARCH_USER_PATHS = NO;
				ASSETCATALOG_COMPILER_GENERATE_SWIFT_ASSET_SYMBOL_EXTENSIONS = YES;
				CLANG_ANALYZER_NONNULL = YES;
				CLANG_ANALYZER_NUMBER_OBJECT_CONVERSION = YES_AGGRESSIVE;
				CLANG_CXX_LANGUAGE_STANDARD = "gnu++20";
				CLANG_ENABLE_MODULES = YES;
				CLANG_ENABLE_OBJC_ARC = YES;
				CLANG_ENABLE_OBJC_WEAK = YES;
				CLANG_WARN_BLOCK_CAPTURE_AUTORELEASING = YES;
				CLANG_WARN_BOOL_CONVERSION = YES;
				CLANG_WARN_COMMA = YES;
				CLANG_WARN_CONSTANT_CONVERSION = YES;
				CLANG_WARN_DEPRECATED_OBJC_IMPLEMENTATIONS = YES;
				CLANG_WARN_DIRECT_OBJC_ISA_USAGE = YES_ERROR;
				CLANG_WARN_DOCUMENTATION_COMMENTS = YES;
				CLANG_WARN_EMPTY_BODY = YES;
				CLANG_WARN_ENUM_CONVERSION = YES;
				CLANG_WARN_INFINITE_RECURSION = YES;
				CLANG_WARN_INT_CONVERSION = YES;
				CLANG_WARN_NON_LITERAL_NULL_CONVERSION = YES;
				CLANG_WARN_OBJC_IMPLICIT_RETAIN_SELF = YES;
				CLANG_WARN_OBJC_LITERAL_CONVERSION = YES;
				CLANG_WARN_OBJC_ROOT_CLASS = YES_ERROR;
				CLANG_WARN_QUOTED_INCLUDE_IN_FRAMEWORK_HEADER = YES;
				CLANG_WARN_RANGE_LOOP_ANALYSIS = YES;
				CLANG_WARN_STRICT_PROTOTYPES = YES;
				CLANG_WARN_SUSPICIOUS_MOVE = YES;
				CLANG_WARN_UNGUARDED_AVAILABILITY = YES_AGGRESSIVE;
				CLANG_WARN_UNREACHABLE_CODE = YES;
				CLANG_WARN__DUPLICATE_METHOD_MATCH = YES;
				COPY_PHASE_STRIP = NO;
				DEBUG_INFORMATION_FORMAT = "dwarf-with-dsym";
				ENABLE_NS_ASSERTIONS = NO;
				ENABLE_STRICT_OBJC_MSGSEND = YES;
				ENABLE_USER_SCRIPT_SANDBOXING = YES;
				GCC_C_LANGUAGE_STANDARD = gnu17;
				GCC_NO_COMMON_BLOCKS = YES;
				GCC_WARN_64_TO_32_BIT_CONVERSION = YES;
				GCC_WARN_ABOUT_RETURN_TYPE = YES_ERROR;
				GCC_WARN_UNDECLARED_SELECTOR = YES;
				GCC_WARN_UNINITIALIZED_AUTOS = YES_AGGRESSIVE;
				GCC_WARN_UNUSED_FUNCTION = YES;
				GCC_WARN_UNUSED_VARIABLE = YES;
				IPHONEOS_DEPLOYMENT_TARGET = 17.0;
				LOCALIZATION_PREFERS_STRING_CATALOGS = YES;
				MTL_ENABLE_DEBUG_INFO = NO;
				MTL_FAST_MATH = YES;
				SDKROOT = iphoneos;
				SWIFT_COMPILATION_MODE = wholemodule;
				VALIDATE_PRODUCT = YES;
			};
			name = Release;
		};
		8D0820452B1E3C0300813D79 /* Debug */ = {
			isa = XCBuildConfiguration;
			baseConfigurationReference = 16012E36BE040A1B0E574A11 /* Pods-Authenticator.debug.xcconfig */;
			buildSettings = {
				ASSETCATALOG_COMPILER_APPICON_NAME = AppIcon;
				ASSETCATALOG_COMPILER_GLOBAL_ACCENT_COLOR_NAME = AccentColor;
				CODE_SIGN_STYLE = Automatic;
				CURRENT_PROJECT_VERSION = 1;
				DEVELOPMENT_ASSET_PATHS = "\"Authenticator/Preview Content\"";
				DEVELOPMENT_TEAM = VVBZ3B874L;
				ENABLE_PREVIEWS = YES;
				GENERATE_INFOPLIST_FILE = YES;
				INFOPLIST_KEY_UIApplicationSceneManifest_Generation = YES;
				INFOPLIST_KEY_UIApplicationSupportsIndirectInputEvents = YES;
				INFOPLIST_KEY_UILaunchScreen_Generation = YES;
				INFOPLIST_KEY_UISupportedInterfaceOrientations_iPad = "UIInterfaceOrientationPortrait UIInterfaceOrientationPortraitUpsideDown UIInterfaceOrientationLandscapeLeft UIInterfaceOrientationLandscapeRight";
				INFOPLIST_KEY_UISupportedInterfaceOrientations_iPhone = "UIInterfaceOrientationPortrait UIInterfaceOrientationLandscapeLeft UIInterfaceOrientationLandscapeRight";
				LD_RUNPATH_SEARCH_PATHS = (
					"$(inherited)",
					"@executable_path/Frameworks",
				);
				MARKETING_VERSION = 1.0;
				PRODUCT_BUNDLE_IDENTIFIER = com.ddhr4m.dharma.Authenticator;
				PRODUCT_NAME = "$(TARGET_NAME)";
				SWIFT_EMIT_LOC_STRINGS = YES;
				SWIFT_VERSION = 5.0;
				TARGETED_DEVICE_FAMILY = "1,2";
			};
			name = Debug;
		};
		8D0820462B1E3C0300813D79 /* Release */ = {
			isa = XCBuildConfiguration;
			baseConfigurationReference = 7B572A0264117CB9F96BB248 /* Pods-Authenticator.release.xcconfig */;
			buildSettings = {
				ASSETCATALOG_COMPILER_APPICON_NAME = AppIcon;
				ASSETCATALOG_COMPILER_GLOBAL_ACCENT_COLOR_NAME = AccentColor;
				CODE_SIGN_STYLE = Automatic;
				CURRENT_PROJECT_VERSION = 1;
				DEVELOPMENT_ASSET_PATHS = "\"Authenticator/Preview Content\"";
				DEVELOPMENT_TEAM = VVBZ3B874L;
				ENABLE_PREVIEWS = YES;
				GENERATE_INFOPLIST_FILE = YES;
				INFOPLIST_KEY_UIApplicationSceneManifest_Generation = YES;
				INFOPLIST_KEY_UIApplicationSupportsIndirectInputEvents = YES;
				INFOPLIST_KEY_UILaunchScreen_Generation = YES;
				INFOPLIST_KEY_UISupportedInterfaceOrientations_iPad = "UIInterfaceOrientationPortrait UIInterfaceOrientationPortraitUpsideDown UIInterfaceOrientationLandscapeLeft UIInterfaceOrientationLandscapeRight";
				INFOPLIST_KEY_UISupportedInterfaceOrientations_iPhone = "UIInterfaceOrientationPortrait UIInterfaceOrientationLandscapeLeft UIInterfaceOrientationLandscapeRight";
				LD_RUNPATH_SEARCH_PATHS = (
					"$(inherited)",
					"@executable_path/Frameworks",
				);
				MARKETING_VERSION = 1.0;
				PRODUCT_BUNDLE_IDENTIFIER = com.ddhr4m.dharma.Authenticator;
				PRODUCT_NAME = "$(TARGET_NAME)";
				SWIFT_EMIT_LOC_STRINGS = YES;
				SWIFT_VERSION = 5.0;
				TARGETED_DEVICE_FAMILY = "1,2";
			};
			name = Release;
		};
		8D0820482B1E3C0300813D79 /* Debug */ = {
			isa = XCBuildConfiguration;
			baseConfigurationReference = B51D1275CD9AAF84AA309AFB /* Pods-AuthenticatorTests.debug.xcconfig */;
			buildSettings = {
				ALWAYS_EMBED_SWIFT_STANDARD_LIBRARIES = YES;
				BUNDLE_LOADER = "$(TEST_HOST)";
				CODE_SIGN_STYLE = Automatic;
				CURRENT_PROJECT_VERSION = 1;
				DEVELOPMENT_TEAM = VVBZ3B874L;
				GENERATE_INFOPLIST_FILE = YES;
				IPHONEOS_DEPLOYMENT_TARGET = 17.0;
				MARKETING_VERSION = 1.0;
				PRODUCT_BUNDLE_IDENTIFIER = com.ddhr4m.dharma.AuthenticatorTests;
				PRODUCT_NAME = "$(TARGET_NAME)";
				SWIFT_EMIT_LOC_STRINGS = NO;
				SWIFT_VERSION = 5.0;
				TARGETED_DEVICE_FAMILY = "1,2";
				TEST_HOST = "$(BUILT_PRODUCTS_DIR)/Authenticator.app/$(BUNDLE_EXECUTABLE_FOLDER_PATH)/Authenticator";
			};
			name = Debug;
		};
		8D0820492B1E3C0300813D79 /* Release */ = {
			isa = XCBuildConfiguration;
			baseConfigurationReference = A00169772B3AB4C89B6C3477 /* Pods-AuthenticatorTests.release.xcconfig */;
			buildSettings = {
				ALWAYS_EMBED_SWIFT_STANDARD_LIBRARIES = YES;
				BUNDLE_LOADER = "$(TEST_HOST)";
				CODE_SIGN_STYLE = Automatic;
				CURRENT_PROJECT_VERSION = 1;
				DEVELOPMENT_TEAM = VVBZ3B874L;
				GENERATE_INFOPLIST_FILE = YES;
				IPHONEOS_DEPLOYMENT_TARGET = 17.0;
				MARKETING_VERSION = 1.0;
				PRODUCT_BUNDLE_IDENTIFIER = com.ddhr4m.dharma.AuthenticatorTests;
				PRODUCT_NAME = "$(TARGET_NAME)";
				SWIFT_EMIT_LOC_STRINGS = NO;
				SWIFT_VERSION = 5.0;
				TARGETED_DEVICE_FAMILY = "1,2";
				TEST_HOST = "$(BUILT_PRODUCTS_DIR)/Authenticator.app/$(BUNDLE_EXECUTABLE_FOLDER_PATH)/Authenticator";
			};
			name = Release;
		};
		8D08204B2B1E3C0300813D79 /* Debug */ = {
			isa = XCBuildConfiguration;
			baseConfigurationReference = 8549F30CA4164034C38911AA /* Pods-Authenticator-AuthenticatorUITests.debug.xcconfig */;
			buildSettings = {
				ALWAYS_EMBED_SWIFT_STANDARD_LIBRARIES = YES;
				CODE_SIGN_STYLE = Automatic;
				CURRENT_PROJECT_VERSION = 1;
				DEVELOPMENT_TEAM = VVBZ3B874L;
				GENERATE_INFOPLIST_FILE = YES;
				MARKETING_VERSION = 1.0;
				PRODUCT_BUNDLE_IDENTIFIER = com.ddhr4m.dharma.AuthenticatorUITests;
				PRODUCT_NAME = "$(TARGET_NAME)";
				SWIFT_EMIT_LOC_STRINGS = NO;
				SWIFT_VERSION = 5.0;
				TARGETED_DEVICE_FAMILY = "1,2";
				TEST_TARGET_NAME = Authenticator;
			};
			name = Debug;
		};
		8D08204C2B1E3C0300813D79 /* Release */ = {
			isa = XCBuildConfiguration;
			baseConfigurationReference = 1E413BCC23E8D1D6FC2C6300 /* Pods-Authenticator-AuthenticatorUITests.release.xcconfig */;
			buildSettings = {
				ALWAYS_EMBED_SWIFT_STANDARD_LIBRARIES = YES;
				CODE_SIGN_STYLE = Automatic;
				CURRENT_PROJECT_VERSION = 1;
				DEVELOPMENT_TEAM = VVBZ3B874L;
				GENERATE_INFOPLIST_FILE = YES;
				MARKETING_VERSION = 1.0;
				PRODUCT_BUNDLE_IDENTIFIER = com.ddhr4m.dharma.AuthenticatorUITests;
				PRODUCT_NAME = "$(TARGET_NAME)";
				SWIFT_EMIT_LOC_STRINGS = NO;
				SWIFT_VERSION = 5.0;
				TARGETED_DEVICE_FAMILY = "1,2";
				TEST_TARGET_NAME = Authenticator;
			};
			name = Release;
		};
/* End XCBuildConfiguration section */

/* Begin XCConfigurationList section */
		8D08201B2B1E3C0200813D79 /* Build configuration list for PBXProject "Authenticator" */ = {
			isa = XCConfigurationList;
			buildConfigurations = (
				8D0820422B1E3C0300813D79 /* Debug */,
				8D0820432B1E3C0300813D79 /* Release */,
			);
			defaultConfigurationIsVisible = 0;
			defaultConfigurationName = Release;
		};
		8D0820442B1E3C0300813D79 /* Build configuration list for PBXNativeTarget "Authenticator" */ = {
			isa = XCConfigurationList;
			buildConfigurations = (
				8D0820452B1E3C0300813D79 /* Debug */,
				8D0820462B1E3C0300813D79 /* Release */,
			);
			defaultConfigurationIsVisible = 0;
			defaultConfigurationName = Release;
		};
		8D0820472B1E3C0300813D79 /* Build configuration list for PBXNativeTarget "AuthenticatorTests" */ = {
			isa = XCConfigurationList;
			buildConfigurations = (
				8D0820482B1E3C0300813D79 /* Debug */,
				8D0820492B1E3C0300813D79 /* Release */,
			);
			defaultConfigurationIsVisible = 0;
			defaultConfigurationName = Release;
		};
		8D08204A2B1E3C0300813D79 /* Build configuration list for PBXNativeTarget "AuthenticatorUITests" */ = {
			isa = XCConfigurationList;
			buildConfigurations = (
				8D08204B2B1E3C0300813D79 /* Debug */,
				8D08204C2B1E3C0300813D79 /* Release */,
			);
			defaultConfigurationIsVisible = 0;
			defaultConfigurationName = Release;
		};
/* End XCConfigurationList section */
	};
	rootObject = 8D0820182B1E3C0200813D79 /* Project object */;
}
